
Microsoft Visual Studio Solution File, Format Version 12.00
# Visual Studio Version 17
VisualStudioVersion = 17.9.34723.18
MinimumVisualStudioVersion = 10.0.40219.1
Project("{FAE04EC0-301F-11D3-BF4B-00C04F79EFBC}") = "GenericSample001", "GenericSample001\GenericSample001.csproj", "{FD6F1504-5D99-402A-A62F-331EF2654E74}"
EndProject
Global
	GlobalSection(SolutionConfigurationPlatforms) = preSolution
		Debug|Any CPU = Debug|Any CPU
		Release|Any CPU = Release|Any CPU
	EndGlobalSection
	GlobalSection(ProjectConfigurationPlatforms) = postSolution
		{FD6F1504-5D99-402A-A62F-331EF2654E74}.Debug|Any CPU.ActiveCfg = Debug|Any CPU
		{FD6F1504-5D99-402A-A62F-331EF2654E74}.Debug|Any CPU.Build.0 = Debug|Any CPU
		{FD6F1504-5D99-402A-A62F-331EF2654E74}.Release|Any CPU.ActiveCfg = Release|Any CPU
		{FD6F1504-5D99-402A-A62F-331EF2654E74}.Release|Any CPU.Build.0 = Release|Any CPU
	EndGlobalSection
	GlobalSection(SolutionProperties) = preSolution
		HideSolutionNode = FALSE
	EndGlobalSection
	GlobalSection(ExtensibilityGlobals) = postSolution
		SolutionGuid = {F3B471FA-E817-4C4F-90DE-4EE30D321267}
	EndGlobalSection
EndGlobal
